
Microsoft Visual Studio Solution File, Format Version 12.00
# Visual Studio Version 17
VisualStudioVersion = 17.13.35913.81 d17.13
MinimumVisualStudioVersion = 10.0.40219.1
Project("{FAE04EC0-301F-11D3-BF4B-00C04F79EFBC}") = "AzureDemoApi", "AzureDemoApi.csproj", "{CC61D7AA-8BEA-1F90-2179-DEF23A7ED668}"
EndProject
Global
	GlobalSection(SolutionConfigurationPlatforms) = preSolution
		Debug|Any CPU = Debug|Any CPU
		Release|Any CPU = Release|Any CPU
	EndGlobalSection
	GlobalSection(ProjectConfigurationPlatforms) = postSolution
		{CC61D7AA-8BEA-1F90-2179-DEF23A7ED668}.Debug|Any CPU.ActiveCfg = Debug|Any CPU
		{CC61D7AA-8BEA-1F90-2179-DEF23A7ED668}.Debug|Any CPU.Build.0 = Debug|Any CPU
		{CC61D7AA-8BEA-1F90-2179-DEF23A7ED668}.Release|Any CPU.ActiveCfg = Release|Any CPU
		{CC61D7AA-8BEA-1F90-2179-DEF23A7ED668}.Release|Any CPU.Build.0 = Release|Any CPU
	EndGlobalSection
	GlobalSection(SolutionProperties) = preSolution
		HideSolutionNode = FALSE
	EndGlobalSection
	GlobalSection(ExtensibilityGlobals) = postSolution
		SolutionGuid = {FB0AD7E8-C067-423C-9CA0-2A6B75766D7D}
	EndGlobalSection
EndGlobal
